// !$*UTF8*$!
{
	archiveVersion = 1;
	classes = {
	};
	objectVersion = 55;
	objects = {

/* Begin PBXBuildFile section */
		D1AEC16E28060E8000FD0B2D /* AppDelegate.swift in Sources */ = {isa = PBXBuildFile; fileRef = D1AEC16D28060E8000FD0B2D /* AppDelegate.swift */; };
		D1AEC17028060E8000FD0B2D /* SceneDelegate.swift in Sources */ = {isa = PBXBuildFile; fileRef = D1AEC16F28060E8000FD0B2D /* SceneDelegate.swift */; };
		D1AEC17228060E8000FD0B2D /* ViewController.swift in Sources */ = {isa = PBXBuildFile; fileRef = D1AEC17128060E8000FD0B2D /* ViewController.swift */; };
		D1AEC17528060E8000FD0B2D /* Main.storyboard in Resources */ = {isa = PBXBuildFile; fileRef = D1AEC17328060E8000FD0B2D /* Main.storyboard */; };
		D1AEC17728060E8200FD0B2D /* Assets.xcassets in Resources */ = {isa = PBXBuildFile; fileRef = D1AEC17628060E8200FD0B2D /* Assets.xcassets */; };
		D1AEC17A28060E8200FD0B2D /* LaunchScreen.storyboard in Resources */ = {isa = PBXBuildFile; fileRef = D1AEC17828060E8200FD0B2D /* LaunchScreen.storyboard */; };
		D1AEC18328060EDB00FD0B2D /* Alamofire in Frameworks */ = {isa = PBXBuildFile; productRef = D1AEC18228060EDB00FD0B2D /* Alamofire */; };
		D1AEC18528060F1500FD0B2D /* Animal.swift in Sources */ = {isa = PBXBuildFile; fileRef = D1AEC18428060F1500FD0B2D /* Animal.swift */; };
		D1AEC18728060FE000FD0B2D /* NetworkManager.swift in Sources */ = {isa = PBXBuildFile; fileRef = D1AEC18628060FE000FD0B2D /* NetworkManager.swift */; };
/* End PBXBuildFile section */

/* Begin PBXFileReference section */
		D1AEC16A28060E8000FD0B2D /* ZooAnimal.app */ = {isa = PBXFileReference; explicitFileType = wrapper.application; includeInIndex = 0; path = ZooAnimal.app; sourceTree = BUILT_PRODUCTS_DIR; };
		D1AEC16D28060E8000FD0B2D /* AppDelegate.swift */ = {isa = PBXFileReference; lastKnownFileType = sourcecode.swift; path = AppDelegate.swift; sourceTree = "<group>"; };
		D1AEC16F28060E8000FD0B2D /* SceneDelegate.swift */ = {isa = PBXFileReference; lastKnownFileType = sourcecode.swift; path = SceneDelegate.swift; sourceTree = "<group>"; };
		D1AEC17128060E8000FD0B2D /* ViewController.swift */ = {isa = PBXFileReference; lastKnownFileType = sourcecode.swift; path = ViewController.swift; sourceTree = "<group>"; };
		D1AEC17428060E8000FD0B2D /* Base */ = {isa = PBXFileReference; lastKnownFileType = file.storyboard; name = Base; path = Base.lproj/Main.storyboard; sourceTree = "<group>"; };
		D1AEC17628060E8200FD0B2D /* Assets.xcassets */ = {isa = PBXFileReference; lastKnownFileType = folder.assetcatalog; path = Assets.xcassets; sourceTree = "<group>"; };
		D1AEC17928060E8200FD0B2D /* Base */ = {isa = PBXFileReference; lastKnownFileType = file.storyboard; name = Base; path = Base.lproj/LaunchScreen.storyboard; sourceTree = "<group>"; };
		D1AEC17B28060E8200FD0B2D /* Info.plist */ = {isa = PBXFileReference; lastKnownFileType = text.plist.xml; path = Info.plist; sourceTree = "<group>"; };
		D1AEC18428060F1500FD0B2D /* Animal.swift */ = {isa = PBXFileReference; lastKnownFileType = sourcecode.swift; path = Animal.swift; sourceTree = "<group>"; };
		D1AEC18628060FE000FD0B2D /* NetworkManager.swift */ = {isa = PBXFileReference; lastKnownFileType = sourcecode.swift; path = NetworkManager.swift; sourceTree = "<group>"; };
/* End PBXFileReference section */

/* Begin PBXFrameworksBuildPhase section */
		D1AEC16728060E8000FD0B2D /* Frameworks */ = {
			isa = PBXFrameworksBuildPhase;
			buildActionMask = 2147483647;
			files = (
				D1AEC18328060EDB00FD0B2D /* Alamofire in Frameworks */,
			);
			runOnlyForDeploymentPostprocessing = 0;
		};
/* End PBXFrameworksBuildPhase section */

/* Begin PBXGroup section */
		D1AEC16128060E7F00FD0B2D = {
			isa = PBXGroup;
			children = (
				D1AEC16C28060E8000FD0B2D /* ZooAnimal */,
				D1AEC16B28060E8000FD0B2D /* Products */,
			);
			sourceTree = "<group>";
		};
		D1AEC16B28060E8000FD0B2D /* Products */ = {
			isa = PBXGroup;
			children = (
				D1AEC16A28060E8000FD0B2D /* ZooAnimal.app */,
			);
			name = Products;
			sourceTree = "<group>";
		};
		D1AEC16C28060E8000FD0B2D /* ZooAnimal */ = {
			isa = PBXGroup;
			children = (
				D1AEC18428060F1500FD0B2D /* Animal.swift */,
				D1AEC18628060FE000FD0B2D /* NetworkManager.swift */,
				D1AEC16D28060E8000FD0B2D /* AppDelegate.swift */,
				D1AEC16F28060E8000FD0B2D /* SceneDelegate.swift */,
				D1AEC17128060E8000FD0B2D /* ViewController.swift */,
				D1AEC17328060E8000FD0B2D /* Main.storyboard */,
				D1AEC17628060E8200FD0B2D /* Assets.xcassets */,
				D1AEC17828060E8200FD0B2D /* LaunchScreen.storyboard */,
				D1AEC17B28060E8200FD0B2D /* Info.plist */,
			);
			path = ZooAnimal;
			sourceTree = "<group>";
		};
/* End PBXGroup section */

/* Begin PBXNativeTarget section */
		D1AEC16928060E8000FD0B2D /* ZooAnimal */ = {
			isa = PBXNativeTarget;
			buildConfigurationList = D1AEC17E28060E8200FD0B2D /* Build configuration list for PBXNativeTarget "ZooAnimal" */;
			buildPhases = (
				D1AEC16628060E8000FD0B2D /* Sources */,
				D1AEC16728060E8000FD0B2D /* Frameworks */,
				D1AEC16828060E8000FD0B2D /* Resources */,
			);
			buildRules = (
			);
			dependencies = (
			);
			name = ZooAnimal;
			packageProductDependencies = (
				D1AEC18228060EDB00FD0B2D /* Alamofire */,
			);
			productName = ZooAnimal;
			productReference = D1AEC16A28060E8000FD0B2D /* ZooAnimal.app */;
			productType = "com.apple.product-type.application";
		};
/* End PBXNativeTarget section */

/* Begin PBXProject section */
		D1AEC16228060E7F00FD0B2D /* Project object */ = {
			isa = PBXProject;
			attributes = {
				BuildIndependentTargetsInParallel = 1;
				LastSwiftUpdateCheck = 1330;
				LastUpgradeCheck = 1330;
				TargetAttributes = {
					D1AEC16928060E8000FD0B2D = {
						CreatedOnToolsVersion = 13.3;
					};
				};
			};
			buildConfigurationList = D1AEC16528060E7F00FD0B2D /* Build configuration list for PBXProject "ZooAnimal" */;
			compatibilityVersion = "Xcode 13.0";
			developmentRegion = en;
			hasScannedForEncodings = 0;
			knownRegions = (
				en,
				Base,
			);
			mainGroup = D1AEC16128060E7F00FD0B2D;
			packageReferences = (
				D1AEC18128060EDB00FD0B2D /* XCRemoteSwiftPackageReference "Alamofire" */,
			);
			productRefGroup = D1AEC16B28060E8000FD0B2D /* Products */;
			projectDirPath = "";
			projectRoot = "";
			targets = (
				D1AEC16928060E8000FD0B2D /* ZooAnimal */,
			);
		};
/* End PBXProject section */

/* Begin PBXResourcesBuildPhase section */
		D1AEC16828060E8000FD0B2D /* Resources */ = {
			isa = PBXResourcesBuildPhase;
			buildActionMask = 2147483647;
			files = (
				D1AEC17A28060E8200FD0B2D /* LaunchScreen.storyboard in Resources */,
				D1AEC17728060E8200FD0B2D /* Assets.xcassets in Resources */,
				D1AEC17528060E8000FD0B2D /* Main.storyboard in Resources */,
			);
			runOnlyForDeploymentPostprocessing = 0;
		};
/* End PBXResourcesBuildPhase section */

/* Begin PBXSourcesBuildPhase section */
		D1AEC16628060E8000FD0B2D /* Sources */ = {
			isa = PBXSourcesBuildPhase;
			buildActionMask = 2147483647;
			files = (
				D1AEC17228060E8000FD0B2D /* ViewController.swift in Sources */,
				D1AEC18528060F1500FD0B2D /* Animal.swift in Sources */,
				D1AEC18728060FE000FD0B2D /* NetworkManager.swift in Sources */,
				D1AEC16E28060E8000FD0B2D /* AppDelegate.swift in Sources */,
				D1AEC17028060E8000FD0B2D /* SceneDelegate.swift in Sources */,
			);
			runOnlyForDeploymentPostprocessing = 0;
		};
/* End PBXSourcesBuildPhase section */

/* Begin PBXVariantGroup section */
		D1AEC17328060E8000FD0B2D /* Main.storyboard */ = {
			isa = PBXVariantGroup;
			children = (
				D1AEC17428060E8000FD0B2D /* Base */,
			);
			name = Main.storyboard;
			sourceTree = "<group>";
		};
		D1AEC17828060E8200FD0B2D /* LaunchScreen.storyboard */ = {
			isa = PBXVariantGroup;
			children = (
				D1AEC17928060E8200FD0B2D /* Base */,
			);
			name = LaunchScreen.storyboard;
			sourceTree = "<group>";
		};
/* End PBXVariantGroup section */

/* Begin XCBuildConfiguration section */
		D1AEC17C28060E8200FD0B2D /* Debug */ = {
			isa = XCBuildConfiguration;
			buildSettings = {
				ALWAYS_SEARCH_USER_PATHS = NO;
				CLANG_ANALYZER_NONNULL = YES;
				CLANG_ANALYZER_NUMBER_OBJECT_CONVERSION = YES_AGGRESSIVE;
				CLANG_CXX_LANGUAGE_STANDARD = "gnu++17";
				CLANG_ENABLE_MODULES = YES;
				CLANG_ENABLE_OBJC_ARC = YES;
				CLANG_ENABLE_OBJC_WEAK = YES;
				CLANG_WARN_BLOCK_CAPTURE_AUTORELEASING = YES;
				CLANG_WARN_BOOL_CONVERSION = YES;
				CLANG_WARN_COMMA = YES;
				CLANG_WARN_CONSTANT_CONVERSION = YES;
				CLANG_WARN_DEPRECATED_OBJC_IMPLEMENTATIONS = YES;
				CLANG_WARN_DIRECT_OBJC_ISA_USAGE = YES_ERROR;
				CLANG_WARN_DOCUMENTATION_COMMENTS = YES;
				CLANG_WARN_EMPTY_BODY = YES;
				CLANG_WARN_ENUM_CONVERSION = YES;
				CLANG_WARN_INFINITE_RECURSION = YES;
				CLANG_WARN_INT_CONVERSION = YES;
				CLANG_WARN_NON_LITERAL_NULL_CONVERSION = YES;
				CLANG_WARN_OBJC_IMPLICIT_RETAIN_SELF = YES;
				CLANG_WARN_OBJC_LITERAL_CONVERSION = YES;
				CLANG_WARN_OBJC_ROOT_CLASS = YES_ERROR;
				CLANG_WARN_QUOTED_INCLUDE_IN_FRAMEWORK_HEADER = YES;
				CLANG_WARN_RANGE_LOOP_ANALYSIS = YES;
				CLANG_WARN_STRICT_PROTOTYPES = YES;
				CLANG_WARN_SUSPICIOUS_MOVE = YES;
				CLANG_WARN_UNGUARDED_AVAILABILITY = YES_AGGRESSIVE;
				CLANG_WARN_UNREACHABLE_CODE = YES;
				CLANG_WARN__DUPLICATE_METHOD_MATCH = YES;
				COPY_PHASE_STRIP = NO;
				DEBUG_INFORMATION_FORMAT = dwarf;
				ENABLE_STRICT_OBJC_MSGSEND = YES;
				ENABLE_TESTABILITY = YES;
				GCC_C_LANGUAGE_STANDARD = gnu11;
				GCC_DYNAMIC_NO_PIC = NO;
				GCC_NO_COMMON_BLOCKS = YES;
				GCC_OPTIMIZATION_LEVEL = 0;
				GCC_PREPROCESSOR_DEFINITIONS = (
					"DEBUG=1",
					"$(inherited)",
				);
				GCC_WARN_64_TO_32_BIT_CONVERSION = YES;
				GCC_WARN_ABOUT_RETURN_TYPE = YES_ERROR;
				GCC_WARN_UNDECLARED_SELECTOR = YES;
				GCC_WARN_UNINITIALIZED_AUTOS = YES_AGGRESSIVE;
				GCC_WARN_UNUSED_FUNCTION = YES;
				GCC_WARN_UNUSED_VARIABLE = YES;
				IPHONEOS_DEPLOYMENT_TARGET = 15.4;
				MTL_ENABLE_DEBUG_INFO = INCLUDE_SOURCE;
				MTL_FAST_MATH = YES;
				ONLY_ACTIVE_ARCH = YES;
				SDKROOT = iphoneos;
				SWIFT_ACTIVE_COMPILATION_CONDITIONS = DEBUG;
				SWIFT_OPTIMIZATION_LEVEL = "-Onone";
			};
			name = Debug;
		};
		D1AEC17D28060E8200FD0B2D /* Release */ = {
			isa = XCBuildConfiguration;
			buildSettings = {
				ALWAYS_SEARCH_USER_PATHS = NO;
				CLANG_ANALYZER_NONNULL = YES;
				CLANG_ANALYZER_NUMBER_OBJECT_CONVERSION = YES_AGGRESSIVE;
				CLANG_CXX_LANGUAGE_STANDARD = "gnu++17";
				CLANG_ENABLE_MODULES = YES;
				CLANG_ENABLE_OBJC_ARC = YES;
				CLANG_ENABLE_OBJC_WEAK = YES;
				CLANG_WARN_BLOCK_CAPTURE_AUTORELEASING = YES;
				CLANG_WARN_BOOL_CONVERSION = YES;
				CLANG_WARN_COMMA = YES;
				CLANG_WARN_CONSTANT_CONVERSION = YES;
				CLANG_WARN_DEPRECATED_OBJC_IMPLEMENTATIONS = YES;
				CLANG_WARN_DIRECT_OBJC_ISA_USAGE = YES_ERROR;
				CLANG_WARN_DOCUMENTATION_COMMENTS = YES;
				CLANG_WARN_EMPTY_BODY = YES;
				CLANG_WARN_ENUM_CONVERSION = YES;
				CLANG_WARN_INFINITE_RECURSION = YES;
				CLANG_WARN_INT_CONVERSION = YES;
				CLANG_WARN_NON_LITERAL_NULL_CONVERSION = YES;
				CLANG_WARN_OBJC_IMPLICIT_RETAIN_SELF = YES;
				CLANG_WARN_OBJC_LITERAL_CONVERSION = YES;
				CLANG_WARN_OBJC_ROOT_CLASS = YES_ERROR;
				CLANG_WARN_QUOTED_INCLUDE_IN_FRAMEWORK_HEADER = YES;
				CLANG_WARN_RANGE_LOOP_ANALYSIS = YES;
				CLANG_WARN_STRICT_PROTOTYPES = YES;
				CLANG_WARN_SUSPICIOUS_MOVE = YES;
				CLANG_WARN_UNGUARDED_AVAILABILITY = YES_AGGRESSIVE;
				CLANG_WARN_UNREACHABLE_CODE = YES;
				CLANG_WARN__DUPLICATE_METHOD_MATCH = YES;
				COPY_PHASE_STRIP = NO;
				DEBUG_INFORMATION_FORMAT = "dwarf-with-dsym";
				ENABLE_NS_ASSERTIONS = NO;
				ENABLE_STRICT_OBJC_MSGSEND = YES;
				GCC_C_LANGUAGE_STANDARD = gnu11;
				GCC_NO_COMMON_BLOCKS = YES;
				GCC_WARN_64_TO_32_BIT_CONVERSION = YES;
				GCC_WARN_ABOUT_RETURN_TYPE = YES_ERROR;
				GCC_WARN_UNDECLARED_SELECTOR = YES;
				GCC_WARN_UNINITIALIZED_AUTOS = YES_AGGRESSIVE;
				GCC_WARN_UNUSED_FUNCTION = YES;
				GCC_WARN_UNUSED_VARIABLE = YES;
				IPHONEOS_DEPLOYMENT_TARGET = 15.4;
				MTL_ENABLE_DEBUG_INFO = NO;
				MTL_FAST_MATH = YES;
				SDKROOT = iphoneos;
				SWIFT_COMPILATION_MODE = wholemodule;
				SWIFT_OPTIMIZATION_LEVEL = "-O";
				VALIDATE_PRODUCT = YES;
			};
			name = Release;
		};
		D1AEC17F28060E8200FD0B2D /* Debug */ = {
			isa = XCBuildConfiguration;
			buildSettings = {
				ASSETCATALOG_COMPILER_APPICON_NAME = AppIcon;
				ASSETCATALOG_COMPILER_GLOBAL_ACCENT_COLOR_NAME = AccentColor;
				CODE_SIGN_STYLE = Automatic;
				CURRENT_PROJECT_VERSION = 1;
				DEVELOPMENT_TEAM = Z445WR9458;
				GENERATE_INFOPLIST_FILE = YES;
				INFOPLIST_FILE = ZooAnimal/Info.plist;
				INFOPLIST_KEY_UIApplicationSupportsIndirectInputEvents = YES;
				INFOPLIST_KEY_UILaunchStoryboardName = LaunchScreen;
				INFOPLIST_KEY_UIMainStoryboardFile = Main;
				INFOPLIST_KEY_UISupportedInterfaceOrientations = UIInterfaceOrientationPortrait;
				INFOPLIST_KEY_UISupportedInterfaceOrientations_iPad = "UIInterfaceOrientationPortrait UIInterfaceOrientationPortraitUpsideDown UIInterfaceOrientationLandscapeLeft UIInterfaceOrientationLandscapeRight";
				INFOPLIST_KEY_UISupportedInterfaceOrientations_iPhone = UIInterfaceOrientationPortrait;
				LD_RUNPATH_SEARCH_PATHS = (
					"$(inherited)",
					"@executable_path/Frameworks",
				);
				MARKETING_VERSION = 1.0;
				PRODUCT_BUNDLE_IDENTIFIER = "Konstantin-Fomenkov.ZooAnimal";
				PRODUCT_NAME = "$(TARGET_NAME)";
				SWIFT_EMIT_LOC_STRINGS = YES;
				SWIFT_VERSION = 5.0;
				TARGETED_DEVICE_FAMILY = 1;
			};
			name = Debug;
		};
		D1AEC18028060E8200FD0B2D /* Release */ = {
			isa = XCBuildConfiguration;
			buildSettings = {
				ASSETCATALOG_COMPILER_APPICON_NAME = AppIcon;
				ASSETCATALOG_COMPILER_GLOBAL_ACCENT_COLOR_NAME = AccentColor;
				CODE_SIGN_STYLE = Automatic;
				CURRENT_PROJECT_VERSION = 1;
				DEVELOPMENT_TEAM = Z445WR9458;
				GENERATE_INFOPLIST_FILE = YES;
				INFOPLIST_FILE = ZooAnimal/Info.plist;
				INFOPLIST_KEY_UIApplicationSupportsIndirectInputEvents = YES;
				INFOPLIST_KEY_UILaunchStoryboardName = LaunchScreen;
				INFOPLIST_KEY_UIMainStoryboardFile = Main;
				INFOPLIST_KEY_UISupportedInterfaceOrientations = UIInterfaceOrientationPortrait;
				INFOPLIST_KEY_UISupportedInterfaceOrientations_iPad = "UIInterfaceOrientationPortrait UIInterfaceOrientationPortraitUpsideDown UIInterfaceOrientationLandscapeLeft UIInterfaceOrientationLandscapeRight";
				INFOPLIST_KEY_UISupportedInterfaceOrientations_iPhone = UIInterfaceOrientationPortrait;
				LD_RUNPATH_SEARCH_PATHS = (
					"$(inherited)",
					"@executable_path/Frameworks",
				);
				MARKETING_VERSION = 1.0;
				PRODUCT_BUNDLE_IDENTIFIER = "Konstantin-Fomenkov.ZooAnimal";
				PRODUCT_NAME = "$(TARGET_NAME)";
				SWIFT_EMIT_LOC_STRINGS = YES;
				SWIFT_VERSION = 5.0;
				TARGETED_DEVICE_FAMILY = 1;
			};
			name = Release;
		};
/* End XCBuildConfiguration section */

/* Begin XCConfigurationList section */
		D1AEC16528060E7F00FD0B2D /* Build configuration list for PBXProject "ZooAnimal" */ = {
			isa = XCConfigurationList;
			buildConfigurations = (
				D1AEC17C28060E8200FD0B2D /* Debug */,
				D1AEC17D28060E8200FD0B2D /* Release */,
			);
			defaultConfigurationIsVisible = 0;
			defaultConfigurationName = Release;
		};
		D1AEC17E28060E8200FD0B2D /* Build configuration list for PBXNativeTarget "ZooAnimal" */ = {
			isa = XCConfigurationList;
			buildConfigurations = (
				D1AEC17F28060E8200FD0B2D /* Debug */,
				D1AEC18028060E8200FD0B2D /* Release */,
			);
			defaultConfigurationIsVisible = 0;
			defaultConfigurationName = Release;
		};
/* End XCConfigurationList section */

/* Begin XCRemoteSwiftPackageReference section */
		D1AEC18128060EDB00FD0B2D /* XCRemoteSwiftPackageReference "Alamofire" */ = {
			isa = XCRemoteSwiftPackageReference;
			repositoryURL = "https://github.com/Alamofire/Alamofire.git";
			requirement = {
				kind = upToNextMajorVersion;
				minimumVersion = 5.5.0;
			};
		};
/* End XCRemoteSwiftPackageReference section */

/* Begin XCSwiftPackageProductDependency section */
		D1AEC18228060EDB00FD0B2D /* Alamofire */ = {
			isa = XCSwiftPackageProductDependency;
			package = D1AEC18128060EDB00FD0B2D /* XCRemoteSwiftPackageReference "Alamofire" */;
			productName = Alamofire;
		};
/* End XCSwiftPackageProductDependency section */
	};
	rootObject = D1AEC16228060E7F00FD0B2D /* Project object */;
}
